
Microsoft Visual Studio Solution File, Format Version 12.00
# Visual Studio Version 17
VisualStudioVersion = 17.4.33213.308
MinimumVisualStudioVersion = 10.0.40219.1
Project("{9A19103F-16F7-4668-BE54-9A1E7A4F7556}") = "EmpresaTuristica.Shared", "EmpresaTuristica.Shared\EmpresaTuristica.Shared.csproj", "{823732A2-09A3-4E6F-B366-06E4F1408CAF}"
EndProject
Project("{9A19103F-16F7-4668-BE54-9A1E7A4F7556}") = "EmpresaTuristica.API", "EmpresaTuristica.API\EmpresaTuristica.API.csproj", "{060BBF46-937A-4DD4-A8BB-89D2F5032D7A}"
EndProject
Project("{9A19103F-16F7-4668-BE54-9A1E7A4F7556}") = "EmpresaTuristica.WEB", "EmpresaTuristica.WEB\EmpresaTuristica.WEB.csproj", "{613AAEDD-8043-4CD4-8119-79D911084BD4}"
EndProject
Global
	GlobalSection(SolutionConfigurationPlatforms) = preSolution
		Debug|Any CPU = Debug|Any CPU
		Release|Any CPU = Release|Any CPU
	EndGlobalSection
	GlobalSection(ProjectConfigurationPlatforms) = postSolution
		{823732A2-09A3-4E6F-B366-06E4F1408CAF}.Debug|Any CPU.ActiveCfg = Debug|Any CPU
		{823732A2-09A3-4E6F-B366-06E4F1408CAF}.Debug|Any CPU.Build.0 = Debug|Any CPU
		{823732A2-09A3-4E6F-B366-06E4F1408CAF}.Release|Any CPU.ActiveCfg = Release|Any CPU
		{823732A2-09A3-4E6F-B366-06E4F1408CAF}.Release|Any CPU.Build.0 = Release|Any CPU
		{060BBF46-937A-4DD4-A8BB-89D2F5032D7A}.Debug|Any CPU.ActiveCfg = Debug|Any CPU
		{060BBF46-937A-4DD4-A8BB-89D2F5032D7A}.Debug|Any CPU.Build.0 = Debug|Any CPU
		{060BBF46-937A-4DD4-A8BB-89D2F5032D7A}.Release|Any CPU.ActiveCfg = Release|Any CPU
		{060BBF46-937A-4DD4-A8BB-89D2F5032D7A}.Release|Any CPU.Build.0 = Release|Any CPU
		{613AAEDD-8043-4CD4-8119-79D911084BD4}.Debug|Any CPU.ActiveCfg = Debug|Any CPU
		{613AAEDD-8043-4CD4-8119-79D911084BD4}.Debug|Any CPU.Build.0 = Debug|Any CPU
		{613AAEDD-8043-4CD4-8119-79D911084BD4}.Release|Any CPU.ActiveCfg = Release|Any CPU
		{613AAEDD-8043-4CD4-8119-79D911084BD4}.Release|Any CPU.Build.0 = Release|Any CPU
	EndGlobalSection
	GlobalSection(SolutionProperties) = preSolution
		HideSolutionNode = FALSE
	EndGlobalSection
	GlobalSection(ExtensibilityGlobals) = postSolution
		SolutionGuid = {6EACC18F-F7FA-44DD-8853-DE4D775B3EEE}
	EndGlobalSection
EndGlobal
